{
  "pins" : [
    {
      "identity" : "mathjaxswift",
      "kind" : "remoteSourceControl",
      "location" : "https://github.com/patr1ckzhu/MathJaxSwift",
      "state" : {
        "revision" : "94606d4338e87aa1631c821dad15e91f1cff1617"
      }
    },
    {
      "identity" : "swift-html-entities",
      "kind" : "remoteSourceControl",
      "location" : "https://github.com/Kitura/swift-html-entities",
      "state" : {
        "revision" : "d8ca73197f59ce260c71bd6d7f6eb8bbdccf508b",
        "version" : "4.0.1"
      }
    },
    {
      "identity" : "swiftdraw",
      "kind" : "remoteSourceControl",
      "location" : "https://github.com/swhitty/SwiftDraw",
      "state" : {
        "revision" : "90f94b85c6dfd3a7f78f2addafc53b2fb0b6bb1e",
        "version" : "0.20.1"
      }
    }
  ],
  "version" : 2
}
